
Microsoft Visual Studio Solution File, Format Version 12.00
# Visual Studio 15
VisualStudioVersion = 15.0.27703.2042
MinimumVisualStudioVersion = 10.0.40219.1
Project("{00D1A9C2-B5F0-4AF3-8072-F6C62B433612}") = "Database", "Database\Database.sqlproj", "{75CDF711-CE21-4E6F-8AD0-C30B1D786EA7}"
EndProject
Project("{2150E333-8FDC-42A3-9474-1A3956D46DE8}") = "DataTier", "DataTier", "{77F8BDDA-D331-43C7-AC83-1DC36C7AD24B}"
EndProject
Project("{9A19103F-16F7-4668-BE54-9A1E7A4F7556}") = "DataTier.Models", "DataTier\DataTier.Models\DataTier.Models.csproj", "{C8D3022B-BC6D-4D64-AB04-CA380A366A84}"
EndProject
Project("{9A19103F-16F7-4668-BE54-9A1E7A4F7556}") = "DataTier.Client", "DataTier\DataTier.Client\DataTier.Client.csproj", "{61CFA70F-DBF0-4BE2-BC99-0C55CCE8A997}"
EndProject
Project("{9A19103F-16F7-4668-BE54-9A1E7A4F7556}") = "Framework", "BusinessTier\Framework\Framework.csproj", "{E74C0AFA-6ECF-49C2-971D-CA0F57B6BF5E}"
EndProject
Project("{FAE04EC0-301F-11D3-BF4B-00C04F79EFBC}") = "Core", "BusinessTier\Core\Core.csproj", "{57D9F9E1-B185-4A84-A4C9-2D234A0BADA6}"
EndProject
Project("{2150E333-8FDC-42A3-9474-1A3956D46DE8}") = "BusinessTier", "BusinessTier", "{3F615EFE-BCD8-4BA1-B423-3D18A77C825C}"
EndProject
Project("{FAE04EC0-301F-11D3-BF4B-00C04F79EFBC}") = "BusinessTier.Common", "BusinessTier\BusinessTier.Common\BusinessTier.Common.csproj", "{94DBF152-EC97-4834-A503-F6C6A9584BD1}"
EndProject
Project("{FAE04EC0-301F-11D3-BF4B-00C04F79EFBC}") = "ExtravaganzaAPI", "ExtravaganzaAPI\ExtravaganzaAPI.csproj", "{CD57755A-FECB-40FD-8F15-5F0CBF651F92}"
EndProject
Global
	GlobalSection(SolutionConfigurationPlatforms) = preSolution
		Debug|Any CPU = Debug|Any CPU
		Release|Any CPU = Release|Any CPU
	EndGlobalSection
	GlobalSection(ProjectConfigurationPlatforms) = postSolution
		{75CDF711-CE21-4E6F-8AD0-C30B1D786EA7}.Debug|Any CPU.ActiveCfg = Debug|Any CPU
		{75CDF711-CE21-4E6F-8AD0-C30B1D786EA7}.Debug|Any CPU.Build.0 = Debug|Any CPU
		{75CDF711-CE21-4E6F-8AD0-C30B1D786EA7}.Release|Any CPU.ActiveCfg = Debug|Any CPU
		{75CDF711-CE21-4E6F-8AD0-C30B1D786EA7}.Release|Any CPU.Build.0 = Debug|Any CPU
		{C8D3022B-BC6D-4D64-AB04-CA380A366A84}.Debug|Any CPU.ActiveCfg = Debug|Any CPU
		{C8D3022B-BC6D-4D64-AB04-CA380A366A84}.Debug|Any CPU.Build.0 = Debug|Any CPU
		{C8D3022B-BC6D-4D64-AB04-CA380A366A84}.Release|Any CPU.ActiveCfg = Debug|Any CPU
		{C8D3022B-BC6D-4D64-AB04-CA380A366A84}.Release|Any CPU.Build.0 = Debug|Any CPU
		{61CFA70F-DBF0-4BE2-BC99-0C55CCE8A997}.Debug|Any CPU.ActiveCfg = Debug|Any CPU
		{61CFA70F-DBF0-4BE2-BC99-0C55CCE8A997}.Debug|Any CPU.Build.0 = Debug|Any CPU
		{61CFA70F-DBF0-4BE2-BC99-0C55CCE8A997}.Release|Any CPU.ActiveCfg = Debug|Any CPU
		{61CFA70F-DBF0-4BE2-BC99-0C55CCE8A997}.Release|Any CPU.Build.0 = Debug|Any CPU
		{E74C0AFA-6ECF-49C2-971D-CA0F57B6BF5E}.Debug|Any CPU.ActiveCfg = Debug|Any CPU
		{E74C0AFA-6ECF-49C2-971D-CA0F57B6BF5E}.Debug|Any CPU.Build.0 = Debug|Any CPU
		{E74C0AFA-6ECF-49C2-971D-CA0F57B6BF5E}.Release|Any CPU.ActiveCfg = Debug|Any CPU
		{E74C0AFA-6ECF-49C2-971D-CA0F57B6BF5E}.Release|Any CPU.Build.0 = Debug|Any CPU
		{57D9F9E1-B185-4A84-A4C9-2D234A0BADA6}.Debug|Any CPU.ActiveCfg = Debug|Any CPU
		{57D9F9E1-B185-4A84-A4C9-2D234A0BADA6}.Debug|Any CPU.Build.0 = Debug|Any CPU
		{57D9F9E1-B185-4A84-A4C9-2D234A0BADA6}.Release|Any CPU.ActiveCfg = Debug|Any CPU
		{57D9F9E1-B185-4A84-A4C9-2D234A0BADA6}.Release|Any CPU.Build.0 = Debug|Any CPU
		{94DBF152-EC97-4834-A503-F6C6A9584BD1}.Debug|Any CPU.ActiveCfg = Debug|Any CPU
		{94DBF152-EC97-4834-A503-F6C6A9584BD1}.Debug|Any CPU.Build.0 = Debug|Any CPU
		{94DBF152-EC97-4834-A503-F6C6A9584BD1}.Release|Any CPU.ActiveCfg = Debug|Any CPU
		{94DBF152-EC97-4834-A503-F6C6A9584BD1}.Release|Any CPU.Build.0 = Debug|Any CPU
		{CD57755A-FECB-40FD-8F15-5F0CBF651F92}.Debug|Any CPU.ActiveCfg = Debug|Any CPU
		{CD57755A-FECB-40FD-8F15-5F0CBF651F92}.Debug|Any CPU.Build.0 = Debug|Any CPU
		{CD57755A-FECB-40FD-8F15-5F0CBF651F92}.Release|Any CPU.ActiveCfg = Debug|Any CPU
		{CD57755A-FECB-40FD-8F15-5F0CBF651F92}.Release|Any CPU.Build.0 = Debug|Any CPU
	EndGlobalSection
	GlobalSection(SolutionProperties) = preSolution
		HideSolutionNode = FALSE
	EndGlobalSection
	GlobalSection(NestedProjects) = preSolution
		{C8D3022B-BC6D-4D64-AB04-CA380A366A84} = {77F8BDDA-D331-43C7-AC83-1DC36C7AD24B}
		{61CFA70F-DBF0-4BE2-BC99-0C55CCE8A997} = {77F8BDDA-D331-43C7-AC83-1DC36C7AD24B}
		{57D9F9E1-B185-4A84-A4C9-2D234A0BADA6} = {3F615EFE-BCD8-4BA1-B423-3D18A77C825C}
		{94DBF152-EC97-4834-A503-F6C6A9584BD1} = {3F615EFE-BCD8-4BA1-B423-3D18A77C825C}
	EndGlobalSection
	GlobalSection(ExtensibilityGlobals) = postSolution
		SolutionGuid = {55FCF959-5EFA-4AA0-8CB1-471644A6769C}
	EndGlobalSection
EndGlobal
